
Microsoft Visual Studio Solution File, Format Version 12.00
# Visual Studio Version 16
VisualStudioVersion = 16.0.31515.178
MinimumVisualStudioVersion = 10.0.40219.1
Project("{9A19103F-16F7-4668-BE54-9A1E7A4F7556}") = "TelerikSampleApp", "TelerikSampleApp\TelerikSampleApp.csproj", "{105A0695-2005-4BD9-BB5D-13481EBCA53B}"
EndProject
Project("{2150E333-8FDC-42A3-9474-1A3956D46DE8}") = "Solution Items", "Solution Items", "{479A9257-4DAD-40E8-BED4-79A3B67D0025}"
	ProjectSection(SolutionItems) = preProject
		global.json = global.json
		readme.md = readme.md
	EndProjectSection
EndProject
Global
	GlobalSection(SolutionConfigurationPlatforms) = preSolution
		Debug|Any CPU = Debug|Any CPU
		Release|Any CPU = Release|Any CPU
	EndGlobalSection
	GlobalSection(ProjectConfigurationPlatforms) = postSolution
		{105A0695-2005-4BD9-BB5D-13481EBCA53B}.Debug|Any CPU.ActiveCfg = Debug|Any CPU
		{105A0695-2005-4BD9-BB5D-13481EBCA53B}.Debug|Any CPU.Build.0 = Debug|Any CPU
		{105A0695-2005-4BD9-BB5D-13481EBCA53B}.Release|Any CPU.ActiveCfg = Release|Any CPU
		{105A0695-2005-4BD9-BB5D-13481EBCA53B}.Release|Any CPU.Build.0 = Release|Any CPU
	EndGlobalSection
	GlobalSection(SolutionProperties) = preSolution
		HideSolutionNode = FALSE
	EndGlobalSection
	GlobalSection(ExtensibilityGlobals) = postSolution
		SolutionGuid = {07FAD627-1B1D-4A56-9327-54EA62B289D1}
	EndGlobalSection
EndGlobal
